github.com/PuerkitoBio/purell v1.2.1 h1:QsZ4TjvwiMpat6gBCBxEQI0rcS9ehtkKtSpiUnd9N28=
github.com/PuerkitoBio/purell v1.2.1/go.mod h1:ZwHcC/82TOaovDi//J/804umJFFmbOHPngi8iYYv/Eo=
github.com/davecgh/go-spew v1.1.0/go.mod h1:J7Y8YcW2NihsgmVo/mv3lAwl/skON4iLHjSsI+c5H38=
github.com/davecgh/go-spew v1.1.1 h1:vj9j/u1bqnvCEfJOwUhtlOARqs3+rkHYY13jYWTU97c=
github.com/davecgh/go-spew v1.1.1/go.mod h1:J7Y8YcW2NihsgmVo/mv3lAwl/skON4iLHjSsI+c5H38=
github.com/gookit/color v1.5.4 h1:FZmqs7XOyGgCAxmWyPslpiok1k05wmY3SJTytgvYFs0=
github.com/gookit/color v1.5.4/go.mod h1:pZJOeOS8DM43rXbp4AZo1n9zCU2qjpcRko0b6/QJi9w=
github.com/pmezard/go-difflib v1.0.0 h1:4DBwDE0NGyQoBHbLQYPwSUPoCMWR5BEzIk/f1lZbAQM=
github.com/pmezard/go-difflib v1.0.0/go.mod h1:iKH77koFhYxTK1pcRnkKkqfTogsbg7gZNVY4sRDYZ/4=
github.com/root4loot/goscope v0.0.0-20231212113300-e6b38b908437 h1:vjItbp5voKzNcAiY/v7wHlEYSgsJ1iPbom/sRT4Md5g=
github.com/root4loot/goscope v0.0.0-20231212113300-e6b38b908437/go.mod h1:+lH9u5tgGBzWoRUVy7enGx7V5iHukKFqNGptY9HRjAo=
github.com/root4loot/goutils v0.0.0-20231217113418-11c0b26c90e9 h1:BZMebgY4JLfC2gbvvVqhgWoSwF+qf5s19v0kw1Y0vXM=
github.com/root4loot/goutils v0.0.0-20231217113418-11c0b26c90e9/go.mod h1:tj7NJxGySm5Ld1VtfkbjH/1N/wr/9LNHlCxRu9prktA=
github.com/root4loot/goutils v0.0.0-20231217121417-973a23b640e2 h1:/hkQpCZ8fUNK4P51Rn/uiKm+0lQUcKs+MiU+QvBWG5g=
github.com/root4loot/goutils v0.0.0-20231217121417-973a23b640e2/go.mod h1:UEQo3/GqKodgxaKXLWMVqQzgOg6cnOG3+xv2Jz5BKFQ=
github.com/root4loot/goutils v0.0.0-20231217124528-cb9086039447 h1:VmFa36BcUshuFmgTvasHwksH00ME/TfisACwLINo+D0=
github.com/root4loot/goutils v0.0.0-20231217124528-cb9086039447/go.mod h1:UEQo3/GqKodgxaKXLWMVqQzgOg6cnOG3+xv2Jz5BKFQ=
github.com/root4loot/goutils v0.0.0-20231217125219-e598380542fd h1:mnnWXOFaN7s2szH8Vd1Sd2sxrBX4Wv+nIv3zTbLnytg=
github.com/root4loot/goutils v0.0.0-20231217125219-e598380542fd/go.mod h1:UEQo3/GqKodgxaKXLWMVqQzgOg6cnOG3+xv2Jz5BKFQ=
github.com/root4loot/goutils v0.0.0-20231217125349-b59202b32cde h1:FyqR5uAzwo5ubnMlQ6vRoNQIXvaQjw9N8c8UMF/s+x8=
github.com/root4loot/goutils v0.0.0-20231217125349-b59202b32cde/go.mod h1:UEQo3/GqKodgxaKXLWMVqQzgOg6cnOG3+xv2Jz5BKFQ=
github.com/root4loot/goutils v0.0.0-20231217125527-011430a8d3c6 h1:TTOsqRVUFGn/seKKGPQ0NxdvtOSjG4ErceMF/V+Qjqs=
github.com/root4loot/goutils v0.0.0-20231217125527-011430a8d3c6/go.mod h1:UEQo3/GqKodgxaKXLWMVqQzgOg6cnOG3+xv2Jz5BKFQ=
github.com/root4loot/goutils v0.0.0-20231217130414-ac3a8141db94 h1:+H9+kwcTWa91BNZKf3R+5ceXYWWq+UJ5wDh6vkRdrbM=
github.com/root4loot/goutils v0.0.0-20231217130414-ac3a8141db94/go.mod h1:UEQo3/GqKodgxaKXLWMVqQzgOg6cnOG3+xv2Jz5BKFQ=
github.com/root4loot/goutils v0.0.0-20231217131314-7a5c23edda9d h1:IGtfnaZK9s1TXuc4d8jEmZTXQbMDZeMcpJsr26fOjMU=
github.com/root4loot/goutils v0.0.0-20231217131314-7a5c23edda9d/go.mod h1:UEQo3/GqKodgxaKXLWMVqQzgOg6cnOG3+xv2Jz5BKFQ=
github.com/sirupsen/logrus v1.9.3 h1:dueUQJ1C2q9oE3F7wvmSGAaVtTmUizReu6fjN8uqzbQ=
github.com/sirupsen/logrus v1.9.3/go.mod h1:naHLuLoDiP4jHNo9R0sCBMtWGeIprob74mVsIT4qYEQ=
github.com/stretchr/objx v0.1.0/go.mod h1:HFkY916IF+rwdDfMAkV7OtwuqBVzrE8GR6GFx+wExME=
github.com/stretchr/testify v1.4.0/go.mod h1:j7eGeouHqKxXV5pUuKE4zz7dFj8WfuZ+81PSLYec5m4=
github.com/stretchr/testify v1.7.0/go.mod h1:6Fq8oRcR53rry900zMqJjRRixrwX3KX962/h/Wwjteg=
github.com/stretchr/testify v1.8.4 h1:CcVxjf3Q8PM0mHUKJCdn+eZZtm5yQwehR5yeSVQQcUk=
github.com/stretchr/testify v1.8.4/go.mod h1:sz/lmYIOXD/1dqDmKjjqLyZ2RngseejIcXlSw2iwfAo=
github.com/xo/terminfo v0.0.0-20210125001918-ca9a967f8778 h1:QldyIu/L63oPpyvQmHgvgickp1Yw510KJOqX7H24mg8=
github.com/xo/terminfo v0.0.0-20210125001918-ca9a967f8778/go.mod h1:2MuV+tbUrU1zIOPMxZ5EncGwgmMJsa+9ucAQZXxsObs=
github.com/yl2chen/cidranger v1.0.2 h1:lbOWZVCG1tCRX4u24kuM1Tb4nHqWkDxwLdoS+SevawU=
github.com/yl2chen/cidranger v1.0.2/go.mod h1:9U1yz7WPYDwf0vpNWFaeRh0bjwz5RVgRy/9UEQfHl0g=
golang.org/x/net v0.17.0 h1:pVaXccu2ozPjCXewfr1S7xza/zcXTity9cCdXQYSjIM=
golang.org/x/net v0.17.0/go.mod h1:NxSsAGuq816PNPmqtQdLE42eU2Fs7NoRIZrHJAlaCOE=
golang.org/x/sys v0.0.0-20220715151400-c0bba94af5f8/go.mod h1:oPkhp1MJrh7nUepCBck5+mAzfO9JrbApNNgaTdGDITg=
golang.org/x/sys v0.14.0 h1:Vz7Qs629MkJkGyHxUlRHizWJRG2j8fbQKjELVSNhy7Q=
golang.org/x/sys v0.14.0/go.mod h1:/VUhepiaJMQUp4+oa/7Zr1D23ma6VTLIYjOOTFZPUcA=
golang.org/x/term v0.14.0 h1:LGK9IlZ8T9jvdy6cTdfKUCltatMFOehAQo9SRC46UQ8=
golang.org/x/term v0.14.0/go.mod h1:TySc+nGkYR6qt8km8wUhuFRTVSMIX3XPR58y2lC8vww=
golang.org/x/text v0.13.0 h1:ablQoSUd0tRdKxZewP80B+BaqeKJuVhuRxj/dkrun3k=
golang.org/x/text v0.13.0/go.mod h1:TvPlkZtksWOMsz7fbANvkp4WM8x/WCo/om8BMLbz+aE=
gopkg.in/check.v1 v0.0.0-20161208181325-20d25e280405/go.mod h1:Co6ibVJAznAaIkqp8huTwlJQCZ016jof/cbN4VW5Yz0=
gopkg.in/yaml.v2 v2.2.2/go.mod h1:hI93XBmqTisBFMUTm0b8Fm+jr3Dg1NNxqwp+5A1VGuI=
gopkg.in/yaml.v3 v3.0.0-20200313102051-9f266ea9e77c/go.mod h1:K4uyk7z7BCEPqu6E+C64Yfv1cQ7kz7rIZviUmN+EgEM=
gopkg.in/yaml.v3 v3.0.1 h1:fxVm/GzAzEWqLHuvctI91KS9hhNmmWOoWu0XTYJS7CA=
gopkg.in/yaml.v3 v3.0.1/go.mod h1:K4uyk7z7BCEPqu6E+C64Yfv1cQ7kz7rIZviUmN+EgEM=
